
Microsoft Visual Studio Solution File, Format Version 12.00
# Visual Studio Version 17
VisualStudioVersion = 17.3.32929.385
MinimumVisualStudioVersion = 10.0.40219.1
Project("{FAE04EC0-301F-11D3-BF4B-00C04F79EFBC}") = "VideoConference_Asp_MVC", "VideoConference_Asp_MVC\VideoConference_Asp_MVC.csproj", "{E6044475-0550-48B7-9917-8EA1D74F031A}"
EndProject
Global
	GlobalSection(SolutionConfigurationPlatforms) = preSolution
		Debug|Any CPU = Debug|Any CPU
		Release|Any CPU = Release|Any CPU
	EndGlobalSection
	GlobalSection(ProjectConfigurationPlatforms) = postSolution
		{E6044475-0550-48B7-9917-8EA1D74F031A}.Debug|Any CPU.ActiveCfg = Debug|Any CPU
		{E6044475-0550-48B7-9917-8EA1D74F031A}.Debug|Any CPU.Build.0 = Debug|Any CPU
		{E6044475-0550-48B7-9917-8EA1D74F031A}.Release|Any CPU.ActiveCfg = Release|Any CPU
		{E6044475-0550-48B7-9917-8EA1D74F031A}.Release|Any CPU.Build.0 = Release|Any CPU
	EndGlobalSection
	GlobalSection(SolutionProperties) = preSolution
		HideSolutionNode = FALSE
	EndGlobalSection
	GlobalSection(ExtensibilityGlobals) = postSolution
		SolutionGuid = {48B54C9E-3977-46F5-B368-5AB3088B99E2}
	EndGlobalSection
EndGlobal
