
Microsoft Visual Studio Solution File, Format Version 12.00
# Visual Studio Version 17
VisualStudioVersion = 17.3.32929.385
MinimumVisualStudioVersion = 10.0.40219.1
Project("{FAE04EC0-301F-11D3-BF4B-00C04F79EFBC}") = "Razor_0811", "Razor_0811.csproj", "{76D66B38-FD05-4FD9-B4EA-79D6B3A11563}"
EndProject
Global
	GlobalSection(SolutionConfigurationPlatforms) = preSolution
		Debug|Any CPU = Debug|Any CPU
		Release|Any CPU = Release|Any CPU
	EndGlobalSection
	GlobalSection(ProjectConfigurationPlatforms) = postSolution
		{76D66B38-FD05-4FD9-B4EA-79D6B3A11563}.Debug|Any CPU.ActiveCfg = Debug|Any CPU
		{76D66B38-FD05-4FD9-B4EA-79D6B3A11563}.Debug|Any CPU.Build.0 = Debug|Any CPU
		{76D66B38-FD05-4FD9-B4EA-79D6B3A11563}.Release|Any CPU.ActiveCfg = Release|Any CPU
		{76D66B38-FD05-4FD9-B4EA-79D6B3A11563}.Release|Any CPU.Build.0 = Release|Any CPU
	EndGlobalSection
	GlobalSection(SolutionProperties) = preSolution
		HideSolutionNode = FALSE
	EndGlobalSection
	GlobalSection(ExtensibilityGlobals) = postSolution
		SolutionGuid = {662DDACC-F602-42E3-BC38-F17AC7BF8A1C}
	EndGlobalSection
EndGlobal
