
Microsoft Visual Studio Solution File, Format Version 12.00
# Visual Studio Version 17
VisualStudioVersion = 17.3.32929.385
MinimumVisualStudioVersion = 10.0.40219.1
Project("{FAE04EC0-301F-11D3-BF4B-00C04F79EFBC}") = "ASP_0212", "ASP_0212.csproj", "{93CAD04F-B7C2-47B6-AAA7-C702F872DA8C}"
EndProject
Global
	GlobalSection(SolutionConfigurationPlatforms) = preSolution
		Debug|Any CPU = Debug|Any CPU
		Release|Any CPU = Release|Any CPU
	EndGlobalSection
	GlobalSection(ProjectConfigurationPlatforms) = postSolution
		{93CAD04F-B7C2-47B6-AAA7-C702F872DA8C}.Debug|Any CPU.ActiveCfg = Debug|Any CPU
		{93CAD04F-B7C2-47B6-AAA7-C702F872DA8C}.Debug|Any CPU.Build.0 = Debug|Any CPU
		{93CAD04F-B7C2-47B6-AAA7-C702F872DA8C}.Release|Any CPU.ActiveCfg = Release|Any CPU
		{93CAD04F-B7C2-47B6-AAA7-C702F872DA8C}.Release|Any CPU.Build.0 = Release|Any CPU
	EndGlobalSection
	GlobalSection(SolutionProperties) = preSolution
		HideSolutionNode = FALSE
	EndGlobalSection
	GlobalSection(ExtensibilityGlobals) = postSolution
		SolutionGuid = {1C93323E-0873-456A-8C99-4B1A0F030747}
	EndGlobalSection
EndGlobal
