
Microsoft Visual Studio Solution File, Format Version 12.00
# Visual Studio Version 17
VisualStudioVersion = 17.3.32929.385
MinimumVisualStudioVersion = 10.0.40219.1
Project("{FAE04EC0-301F-11D3-BF4B-00C04F79EFBC}") = "ASP_0311", "ASP_0311.csproj", "{1AF9D083-8064-43DF-A16B-3BCBED0DC5AB}"
EndProject
Global
	GlobalSection(SolutionConfigurationPlatforms) = preSolution
		Debug|Any CPU = Debug|Any CPU
		Release|Any CPU = Release|Any CPU
	EndGlobalSection
	GlobalSection(ProjectConfigurationPlatforms) = postSolution
		{1AF9D083-8064-43DF-A16B-3BCBED0DC5AB}.Debug|Any CPU.ActiveCfg = Debug|Any CPU
		{1AF9D083-8064-43DF-A16B-3BCBED0DC5AB}.Debug|Any CPU.Build.0 = Debug|Any CPU
		{1AF9D083-8064-43DF-A16B-3BCBED0DC5AB}.Release|Any CPU.ActiveCfg = Release|Any CPU
		{1AF9D083-8064-43DF-A16B-3BCBED0DC5AB}.Release|Any CPU.Build.0 = Release|Any CPU
	EndGlobalSection
	GlobalSection(SolutionProperties) = preSolution
		HideSolutionNode = FALSE
	EndGlobalSection
	GlobalSection(ExtensibilityGlobals) = postSolution
		SolutionGuid = {012C27EE-32E2-4D73-84AA-72E1F2DCC6FC}
	EndGlobalSection
EndGlobal
