
Microsoft Visual Studio Solution File, Format Version 12.00
# Visual Studio Version 17
VisualStudioVersion = 17.3.32929.385
MinimumVisualStudioVersion = 10.0.40219.1
Project("{9A19103F-16F7-4668-BE54-9A1E7A4F7556}") = "ASP_1411_lab", "ASP_1411_lab.csproj", "{9643B215-7B62-4C59-8A83-2168898D9C2B}"
EndProject
Global
	GlobalSection(SolutionConfigurationPlatforms) = preSolution
		Debug|Any CPU = Debug|Any CPU
		Release|Any CPU = Release|Any CPU
	EndGlobalSection
	GlobalSection(ProjectConfigurationPlatforms) = postSolution
		{9643B215-7B62-4C59-8A83-2168898D9C2B}.Debug|Any CPU.ActiveCfg = Debug|Any CPU
		{9643B215-7B62-4C59-8A83-2168898D9C2B}.Debug|Any CPU.Build.0 = Debug|Any CPU
		{9643B215-7B62-4C59-8A83-2168898D9C2B}.Release|Any CPU.ActiveCfg = Release|Any CPU
		{9643B215-7B62-4C59-8A83-2168898D9C2B}.Release|Any CPU.Build.0 = Release|Any CPU
	EndGlobalSection
	GlobalSection(SolutionProperties) = preSolution
		HideSolutionNode = FALSE
	EndGlobalSection
	GlobalSection(ExtensibilityGlobals) = postSolution
		SolutionGuid = {93BED5E2-AA07-40C9-83D0-D936316726A3}
	EndGlobalSection
EndGlobal
